github.com/ayllon/go-proxy v0.0.0-20191004070028-b07303d943c8 h1:UjaLBvvi1uJGaS877ly931SOl4V+iu4IGdbg5VgJXHU=
github.com/ayllon/go-proxy v0.0.0-20191004070028-b07303d943c8/go.mod h1:JGnegAAM1Nxc4mRN8zRv5XY9q3lgZOpwXD+uuq67fao=
github.com/pkg/errors v0.8.1 h1:iURUrRGxPUNPdy5/HRSm+Yj6okJ6UtLINN0Q9M4+h3I=
github.com/pkg/errors v0.8.1/go.mod h1:bwawxfHBFNV+L2hUp1rHADufV3IMtnDRdf1r5NINEl0=
